// !$*UTF8*$!
{
	archiveVersion = 1;
	classes = {
	};
	objectVersion = 56;
	objects = {

/* Begin PBXBuildFile section */
		802818222915C2780070592B /* MotionIndicator.swift in Sources */ = {isa = PBXBuildFile; fileRef = 802818212915C2780070592B /* MotionIndicator.swift */; };
		802818242917F1D70070592B /* PlaceholderStartWork.swift in Sources */ = {isa = PBXBuildFile; fileRef = 802818232917F1D70070592B /* PlaceholderStartWork.swift */; };
		80FB58732914620800F6469A /* _DParallaxEffectWithCoreMotionApp.swift in Sources */ = {isa = PBXBuildFile; fileRef = 80FB58722914620800F6469A /* _DParallaxEffectWithCoreMotionApp.swift */; };
		80FB58772914620900F6469A /* Assets.xcassets in Resources */ = {isa = PBXBuildFile; fileRef = 80FB58762914620900F6469A /* Assets.xcassets */; };
		80FB587A2914620900F6469A /* Preview Assets.xcassets in Resources */ = {isa = PBXBuildFile; fileRef = 80FB58792914620900F6469A /* Preview Assets.xcassets */; };
		80FB58832915751E00F6469A /* Home.swift in Sources */ = {isa = PBXBuildFile; fileRef = 80FB58822915751E00F6469A /* Home.swift */; };
		80FB58862915764600F6469A /* Draw.swift in Sources */ = {isa = PBXBuildFile; fileRef = 80FB58852915764600F6469A /* Draw.swift */; };
		80FB58882915815C00F6469A /* MotionManager.swift in Sources */ = {isa = PBXBuildFile; fileRef = 80FB58872915815C00F6469A /* MotionManager.swift */; };
/* End PBXBuildFile section */

/* Begin PBXFileReference section */
		802818212915C2780070592B /* MotionIndicator.swift */ = {isa = PBXFileReference; lastKnownFileType = sourcecode.swift; path = MotionIndicator.swift; sourceTree = "<group>"; };
		802818232917F1D70070592B /* PlaceholderStartWork.swift */ = {isa = PBXFileReference; lastKnownFileType = sourcecode.swift; path = PlaceholderStartWork.swift; sourceTree = "<group>"; };
		80FB586F2914620800F6469A /* 3DParallaxEffectWithCoreMotion.app */ = {isa = PBXFileReference; explicitFileType = wrapper.application; includeInIndex = 0; path = 3DParallaxEffectWithCoreMotion.app; sourceTree = BUILT_PRODUCTS_DIR; };
		80FB58722914620800F6469A /* _DParallaxEffectWithCoreMotionApp.swift */ = {isa = PBXFileReference; lastKnownFileType = sourcecode.swift; path = _DParallaxEffectWithCoreMotionApp.swift; sourceTree = "<group>"; };
		80FB58762914620900F6469A /* Assets.xcassets */ = {isa = PBXFileReference; lastKnownFileType = folder.assetcatalog; path = Assets.xcassets; sourceTree = "<group>"; };
		80FB58792914620900F6469A /* Preview Assets.xcassets */ = {isa = PBXFileReference; lastKnownFileType = folder.assetcatalog; path = "Preview Assets.xcassets"; sourceTree = "<group>"; };
		80FB58822915751E00F6469A /* Home.swift */ = {isa = PBXFileReference; lastKnownFileType = sourcecode.swift; path = Home.swift; sourceTree = "<group>"; };
		80FB58852915764600F6469A /* Draw.swift */ = {isa = PBXFileReference; lastKnownFileType = sourcecode.swift; path = Draw.swift; sourceTree = "<group>"; };
		80FB58872915815C00F6469A /* MotionManager.swift */ = {isa = PBXFileReference; lastKnownFileType = sourcecode.swift; path = MotionManager.swift; sourceTree = "<group>"; };
/* End PBXFileReference section */

/* Begin PBXFrameworksBuildPhase section */
		80FB586C2914620800F6469A /* Frameworks */ = {
			isa = PBXFrameworksBuildPhase;
			buildActionMask = 2147483647;
			files = (
			);
			runOnlyForDeploymentPostprocessing = 0;
		};
/* End PBXFrameworksBuildPhase section */

/* Begin PBXGroup section */
		80FB58662914620700F6469A = {
			isa = PBXGroup;
			children = (
				80FB58712914620800F6469A /* 3DParallaxEffectWithCoreMotion */,
				80FB58702914620800F6469A /* Products */,
			);
			sourceTree = "<group>";
		};
		80FB58702914620800F6469A /* Products */ = {
			isa = PBXGroup;
			children = (
				80FB586F2914620800F6469A /* 3DParallaxEffectWithCoreMotion.app */,
			);
			name = Products;
			sourceTree = "<group>";
		};
		80FB58712914620800F6469A /* 3DParallaxEffectWithCoreMotion */ = {
			isa = PBXGroup;
			children = (
				80FB58722914620800F6469A /* _DParallaxEffectWithCoreMotionApp.swift */,
				80FB5884291575EF00F6469A /* Model */,
				80FB58812915750100F6469A /* ViewModel */,
				80FB5880291574D800F6469A /* View */,
				80FB58762914620900F6469A /* Assets.xcassets */,
				80FB58782914620900F6469A /* Preview Content */,
			);
			path = 3DParallaxEffectWithCoreMotion;
			sourceTree = "<group>";
		};
		80FB58782914620900F6469A /* Preview Content */ = {
			isa = PBXGroup;
			children = (
				80FB58792914620900F6469A /* Preview Assets.xcassets */,
			);
			path = "Preview Content";
			sourceTree = "<group>";
		};
		80FB5880291574D800F6469A /* View */ = {
			isa = PBXGroup;
			children = (
				80FB58822915751E00F6469A /* Home.swift */,
				802818232917F1D70070592B /* PlaceholderStartWork.swift */,
				802818212915C2780070592B /* MotionIndicator.swift */,
			);
			path = View;
			sourceTree = "<group>";
		};
		80FB58812915750100F6469A /* ViewModel */ = {
			isa = PBXGroup;
			children = (
				80FB58872915815C00F6469A /* MotionManager.swift */,
			);
			path = ViewModel;
			sourceTree = "<group>";
		};
		80FB5884291575EF00F6469A /* Model */ = {
			isa = PBXGroup;
			children = (
				80FB58852915764600F6469A /* Draw.swift */,
			);
			path = Model;
			sourceTree = "<group>";
		};
/* End PBXGroup section */

/* Begin PBXNativeTarget section */
		80FB586E2914620800F6469A /* 3DParallaxEffectWithCoreMotion */ = {
			isa = PBXNativeTarget;
			buildConfigurationList = 80FB587D2914620900F6469A /* Build configuration list for PBXNativeTarget "3DParallaxEffectWithCoreMotion" */;
			buildPhases = (
				80FB586B2914620800F6469A /* Sources */,
				80FB586C2914620800F6469A /* Frameworks */,
				80FB586D2914620800F6469A /* Resources */,
			);
			buildRules = (
			);
			dependencies = (
			);
			name = 3DParallaxEffectWithCoreMotion;
			productName = 3DParallaxEffectWithCoreMotion;
			productReference = 80FB586F2914620800F6469A /* 3DParallaxEffectWithCoreMotion.app */;
			productType = "com.apple.product-type.application";
		};
/* End PBXNativeTarget section */

/* Begin PBXProject section */
		80FB58672914620700F6469A /* Project object */ = {
			isa = PBXProject;
			attributes = {
				BuildIndependentTargetsInParallel = 1;
				LastSwiftUpdateCheck = 1410;
				LastUpgradeCheck = 1410;
				TargetAttributes = {
					80FB586E2914620800F6469A = {
						CreatedOnToolsVersion = 14.1;
					};
				};
			};
			buildConfigurationList = 80FB586A2914620700F6469A /* Build configuration list for PBXProject "3DParallaxEffectWithCoreMotion" */;
			compatibilityVersion = "Xcode 14.0";
			developmentRegion = en;
			hasScannedForEncodings = 0;
			knownRegions = (
				en,
				Base,
			);
			mainGroup = 80FB58662914620700F6469A;
			productRefGroup = 80FB58702914620800F6469A /* Products */;
			projectDirPath = "";
			projectRoot = "";
			targets = (
				80FB586E2914620800F6469A /* 3DParallaxEffectWithCoreMotion */,
			);
		};
/* End PBXProject section */

/* Begin PBXResourcesBuildPhase section */
		80FB586D2914620800F6469A /* Resources */ = {
			isa = PBXResourcesBuildPhase;
			buildActionMask = 2147483647;
			files = (
				80FB587A2914620900F6469A /* Preview Assets.xcassets in Resources */,
				80FB58772914620900F6469A /* Assets.xcassets in Resources */,
			);
			runOnlyForDeploymentPostprocessing = 0;
		};
/* End PBXResourcesBuildPhase section */

/* Begin PBXSourcesBuildPhase section */
		80FB586B2914620800F6469A /* Sources */ = {
			isa = PBXSourcesBuildPhase;
			buildActionMask = 2147483647;
			files = (
				802818222915C2780070592B /* MotionIndicator.swift in Sources */,
				802818242917F1D70070592B /* PlaceholderStartWork.swift in Sources */,
				80FB58882915815C00F6469A /* MotionManager.swift in Sources */,
				80FB58832915751E00F6469A /* Home.swift in Sources */,
				80FB58732914620800F6469A /* _DParallaxEffectWithCoreMotionApp.swift in Sources */,
				80FB58862915764600F6469A /* Draw.swift in Sources */,
			);
			runOnlyForDeploymentPostprocessing = 0;
		};
/* End PBXSourcesBuildPhase section */

/* Begin XCBuildConfiguration section */
		80FB587B2914620900F6469A /* Debug */ = {
			isa = XCBuildConfiguration;
			buildSettings = {
				ALWAYS_SEARCH_USER_PATHS = NO;
				CLANG_ANALYZER_NONNULL = YES;
				CLANG_ANALYZER_NUMBER_OBJECT_CONVERSION = YES_AGGRESSIVE;
				CLANG_CXX_LANGUAGE_STANDARD = "gnu++20";
				CLANG_ENABLE_MODULES = YES;
				CLANG_ENABLE_OBJC_ARC = YES;
				CLANG_ENABLE_OBJC_WEAK = YES;
				CLANG_WARN_BLOCK_CAPTURE_AUTORELEASING = YES;
				CLANG_WARN_BOOL_CONVERSION = YES;
				CLANG_WARN_COMMA = YES;
				CLANG_WARN_CONSTANT_CONVERSION = YES;
				CLANG_WARN_DEPRECATED_OBJC_IMPLEMENTATIONS = YES;
				CLANG_WARN_DIRECT_OBJC_ISA_USAGE = YES_ERROR;
				CLANG_WARN_DOCUMENTATION_COMMENTS = YES;
				CLANG_WARN_EMPTY_BODY = YES;
				CLANG_WARN_ENUM_CONVERSION = YES;
				CLANG_WARN_INFINITE_RECURSION = YES;
				CLANG_WARN_INT_CONVERSION = YES;
				CLANG_WARN_NON_LITERAL_NULL_CONVERSION = YES;
				CLANG_WARN_OBJC_IMPLICIT_RETAIN_SELF = YES;
				CLANG_WARN_OBJC_LITERAL_CONVERSION = YES;
				CLANG_WARN_OBJC_ROOT_CLASS = YES_ERROR;
				CLANG_WARN_QUOTED_INCLUDE_IN_FRAMEWORK_HEADER = YES;
				CLANG_WARN_RANGE_LOOP_ANALYSIS = YES;
				CLANG_WARN_STRICT_PROTOTYPES = YES;
				CLANG_WARN_SUSPICIOUS_MOVE = YES;
				CLANG_WARN_UNGUARDED_AVAILABILITY = YES_AGGRESSIVE;
				CLANG_WARN_UNREACHABLE_CODE = YES;
				CLANG_WARN__DUPLICATE_METHOD_MATCH = YES;
				COPY_PHASE_STRIP = NO;
				DEBUG_INFORMATION_FORMAT = dwarf;
				ENABLE_STRICT_OBJC_MSGSEND = YES;
				ENABLE_TESTABILITY = YES;
				GCC_C_LANGUAGE_STANDARD = gnu11;
				GCC_DYNAMIC_NO_PIC = NO;
				GCC_NO_COMMON_BLOCKS = YES;
				GCC_OPTIMIZATION_LEVEL = 0;
				GCC_PREPROCESSOR_DEFINITIONS = (
					"DEBUG=1",
					"$(inherited)",
				);
				GCC_WARN_64_TO_32_BIT_CONVERSION = YES;
				GCC_WARN_ABOUT_RETURN_TYPE = YES_ERROR;
				GCC_WARN_UNDECLARED_SELECTOR = YES;
				GCC_WARN_UNINITIALIZED_AUTOS = YES_AGGRESSIVE;
				GCC_WARN_UNUSED_FUNCTION = YES;
				GCC_WARN_UNUSED_VARIABLE = YES;
				IPHONEOS_DEPLOYMENT_TARGET = 16.1;
				MTL_ENABLE_DEBUG_INFO = INCLUDE_SOURCE;
				MTL_FAST_MATH = YES;
				ONLY_ACTIVE_ARCH = YES;
				SDKROOT = iphoneos;
				SWIFT_ACTIVE_COMPILATION_CONDITIONS = DEBUG;
				SWIFT_OPTIMIZATION_LEVEL = "-Onone";
			};
			name = Debug;
		};
		80FB587C2914620900F6469A /* Release */ = {
			isa = XCBuildConfiguration;
			buildSettings = {
				ALWAYS_SEARCH_USER_PATHS = NO;
				CLANG_ANALYZER_NONNULL = YES;
				CLANG_ANALYZER_NUMBER_OBJECT_CONVERSION = YES_AGGRESSIVE;
				CLANG_CXX_LANGUAGE_STANDARD = "gnu++20";
				CLANG_ENABLE_MODULES = YES;
				CLANG_ENABLE_OBJC_ARC = YES;
				CLANG_ENABLE_OBJC_WEAK = YES;
				CLANG_WARN_BLOCK_CAPTURE_AUTORELEASING = YES;
				CLANG_WARN_BOOL_CONVERSION = YES;
				CLANG_WARN_COMMA = YES;
				CLANG_WARN_CONSTANT_CONVERSION = YES;
				CLANG_WARN_DEPRECATED_OBJC_IMPLEMENTATIONS = YES;
				CLANG_WARN_DIRECT_OBJC_ISA_USAGE = YES_ERROR;
				CLANG_WARN_DOCUMENTATION_COMMENTS = YES;
				CLANG_WARN_EMPTY_BODY = YES;
				CLANG_WARN_ENUM_CONVERSION = YES;
				CLANG_WARN_INFINITE_RECURSION = YES;
				CLANG_WARN_INT_CONVERSION = YES;
				CLANG_WARN_NON_LITERAL_NULL_CONVERSION = YES;
				CLANG_WARN_OBJC_IMPLICIT_RETAIN_SELF = YES;
				CLANG_WARN_OBJC_LITERAL_CONVERSION = YES;
				CLANG_WARN_OBJC_ROOT_CLASS = YES_ERROR;
				CLANG_WARN_QUOTED_INCLUDE_IN_FRAMEWORK_HEADER = YES;
				CLANG_WARN_RANGE_LOOP_ANALYSIS = YES;
				CLANG_WARN_STRICT_PROTOTYPES = YES;
				CLANG_WARN_SUSPICIOUS_MOVE = YES;
				CLANG_WARN_UNGUARDED_AVAILABILITY = YES_AGGRESSIVE;
				CLANG_WARN_UNREACHABLE_CODE = YES;
				CLANG_WARN__DUPLICATE_METHOD_MATCH = YES;
				COPY_PHASE_STRIP = NO;
				DEBUG_INFORMATION_FORMAT = "dwarf-with-dsym";
				ENABLE_NS_ASSERTIONS = NO;
				ENABLE_STRICT_OBJC_MSGSEND = YES;
				GCC_C_LANGUAGE_STANDARD = gnu11;
				GCC_NO_COMMON_BLOCKS = YES;
				GCC_WARN_64_TO_32_BIT_CONVERSION = YES;
				GCC_WARN_ABOUT_RETURN_TYPE = YES_ERROR;
				GCC_WARN_UNDECLARED_SELECTOR = YES;
				GCC_WARN_UNINITIALIZED_AUTOS = YES_AGGRESSIVE;
				GCC_WARN_UNUSED_FUNCTION = YES;
				GCC_WARN_UNUSED_VARIABLE = YES;
				IPHONEOS_DEPLOYMENT_TARGET = 16.1;
				MTL_ENABLE_DEBUG_INFO = NO;
				MTL_FAST_MATH = YES;
				SDKROOT = iphoneos;
				SWIFT_COMPILATION_MODE = wholemodule;
				SWIFT_OPTIMIZATION_LEVEL = "-O";
				VALIDATE_PRODUCT = YES;
			};
			name = Release;
		};
		80FB587E2914620900F6469A /* Debug */ = {
			isa = XCBuildConfiguration;
			buildSettings = {
				ASSETCATALOG_COMPILER_APPICON_NAME = AppIcon;
				ASSETCATALOG_COMPILER_GLOBAL_ACCENT_COLOR_NAME = AccentColor;
				CODE_SIGN_STYLE = Automatic;
				CURRENT_PROJECT_VERSION = 1;
				DEVELOPMENT_ASSET_PATHS = "\"3DParallaxEffectWithCoreMotion/Preview Content\"";
				DEVELOPMENT_TEAM = 879U287R5Q;
				ENABLE_PREVIEWS = YES;
				GENERATE_INFOPLIST_FILE = YES;
				INFOPLIST_KEY_CFBundleDisplayName = "Africa 3D";
				INFOPLIST_KEY_UIApplicationSceneManifest_Generation = YES;
				INFOPLIST_KEY_UIApplicationSupportsIndirectInputEvents = YES;
				INFOPLIST_KEY_UILaunchScreen_Generation = YES;
				INFOPLIST_KEY_UIRequiresFullScreen = YES;
				INFOPLIST_KEY_UISupportedInterfaceOrientations = "UIInterfaceOrientationLandscapeLeft UIInterfaceOrientationLandscapeRight UIInterfaceOrientationPortrait";
				INFOPLIST_KEY_UISupportedInterfaceOrientations_iPad = UIInterfaceOrientationLandscapeRight;
				LD_RUNPATH_SEARCH_PATHS = (
					"$(inherited)",
					"@executable_path/Frameworks",
				);
				MARKETING_VERSION = 1.0;
				PRODUCT_BUNDLE_IDENTIFIER = "ihValery.-DParallaxEffectWithCoreMotion";
				PRODUCT_NAME = "$(TARGET_NAME)";
				SWIFT_EMIT_LOC_STRINGS = YES;
				SWIFT_VERSION = 5.0;
				TARGETED_DEVICE_FAMILY = "1,2";
			};
			name = Debug;
		};
		80FB587F2914620900F6469A /* Release */ = {
			isa = XCBuildConfiguration;
			buildSettings = {
				ASSETCATALOG_COMPILER_APPICON_NAME = AppIcon;
				ASSETCATALOG_COMPILER_GLOBAL_ACCENT_COLOR_NAME = AccentColor;
				CODE_SIGN_STYLE = Automatic;
				CURRENT_PROJECT_VERSION = 1;
				DEVELOPMENT_ASSET_PATHS = "\"3DParallaxEffectWithCoreMotion/Preview Content\"";
				DEVELOPMENT_TEAM = 879U287R5Q;
				ENABLE_PREVIEWS = YES;
				GENERATE_INFOPLIST_FILE = YES;
				INFOPLIST_KEY_CFBundleDisplayName = "Africa 3D";
				INFOPLIST_KEY_UIApplicationSceneManifest_Generation = YES;
				INFOPLIST_KEY_UIApplicationSupportsIndirectInputEvents = YES;
				INFOPLIST_KEY_UILaunchScreen_Generation = YES;
				INFOPLIST_KEY_UIRequiresFullScreen = YES;
				INFOPLIST_KEY_UISupportedInterfaceOrientations = "UIInterfaceOrientationLandscapeLeft UIInterfaceOrientationLandscapeRight UIInterfaceOrientationPortrait";
				INFOPLIST_KEY_UISupportedInterfaceOrientations_iPad = UIInterfaceOrientationLandscapeRight;
				LD_RUNPATH_SEARCH_PATHS = (
					"$(inherited)",
					"@executable_path/Frameworks",
				);
				MARKETING_VERSION = 1.0;
				PRODUCT_BUNDLE_IDENTIFIER = "ihValery.-DParallaxEffectWithCoreMotion";
				PRODUCT_NAME = "$(TARGET_NAME)";
				SWIFT_EMIT_LOC_STRINGS = YES;
				SWIFT_VERSION = 5.0;
				TARGETED_DEVICE_FAMILY = "1,2";
			};
			name = Release;
		};
/* End XCBuildConfiguration section */

/* Begin XCConfigurationList section */
		80FB586A2914620700F6469A /* Build configuration list for PBXProject "3DParallaxEffectWithCoreMotion" */ = {
			isa = XCConfigurationList;
			buildConfigurations = (
				80FB587B2914620900F6469A /* Debug */,
				80FB587C2914620900F6469A /* Release */,
			);
			defaultConfigurationIsVisible = 0;
			defaultConfigurationName = Release;
		};
		80FB587D2914620900F6469A /* Build configuration list for PBXNativeTarget "3DParallaxEffectWithCoreMotion" */ = {
			isa = XCConfigurationList;
			buildConfigurations = (
				80FB587E2914620900F6469A /* Debug */,
				80FB587F2914620900F6469A /* Release */,
			);
			defaultConfigurationIsVisible = 0;
			defaultConfigurationName = Release;
		};
/* End XCConfigurationList section */
	};
	rootObject = 80FB58672914620700F6469A /* Project object */;
}
